
Microsoft Visual Studio Solution File, Format Version 12.00
# Visual Studio Version 16
VisualStudioVersion = 16.0.29806.167
MinimumVisualStudioVersion = 10.0.40219.1
Project("{FAE04EC0-301F-11D3-BF4B-00C04F79EFBC}") = "WeatherSensorApi", "WeatherSensorApi\WeatherSensorApi.csproj", "{5BC85DFA-EAB9-4A38-B506-58E09C056F95}"
EndProject
Project("{FAE04EC0-301F-11D3-BF4B-00C04F79EFBC}") = "WeatherSensorLib", "WeatherSensorLib\WeatherSensorLib.csproj", "{2F40104A-FED1-4507-A526-DC7460CB6E11}"
EndProject
Project("{FAE04EC0-301F-11D3-BF4B-00C04F79EFBC}") = "WeatherSensorApi.Tests", "WeatherSensorApi.Tests\WeatherSensorApi.Tests.csproj", "{ABA8E9F8-D80B-4C12-8820-F63335C3DD28}"
EndProject
Project("{FAE04EC0-301F-11D3-BF4B-00C04F79EFBC}") = "WeatherSensorLib.Tests", "WeatherSensorLib.Tests\WeatherSensorLib.Tests.csproj", "{2D3DADA3-81DE-4558-A974-88ECABE17DD4}"
EndProject
Global
	GlobalSection(SolutionConfigurationPlatforms) = preSolution
		Debug|Any CPU = Debug|Any CPU
		Release|Any CPU = Release|Any CPU
	EndGlobalSection
	GlobalSection(ProjectConfigurationPlatforms) = postSolution
		{5BC85DFA-EAB9-4A38-B506-58E09C056F95}.Debug|Any CPU.ActiveCfg = Debug|Any CPU
		{5BC85DFA-EAB9-4A38-B506-58E09C056F95}.Debug|Any CPU.Build.0 = Debug|Any CPU
		{5BC85DFA-EAB9-4A38-B506-58E09C056F95}.Release|Any CPU.ActiveCfg = Release|Any CPU
		{5BC85DFA-EAB9-4A38-B506-58E09C056F95}.Release|Any CPU.Build.0 = Release|Any CPU
		{2F40104A-FED1-4507-A526-DC7460CB6E11}.Debug|Any CPU.ActiveCfg = Debug|Any CPU
		{2F40104A-FED1-4507-A526-DC7460CB6E11}.Debug|Any CPU.Build.0 = Debug|Any CPU
		{2F40104A-FED1-4507-A526-DC7460CB6E11}.Release|Any CPU.ActiveCfg = Release|Any CPU
		{2F40104A-FED1-4507-A526-DC7460CB6E11}.Release|Any CPU.Build.0 = Release|Any CPU
		{ABA8E9F8-D80B-4C12-8820-F63335C3DD28}.Debug|Any CPU.ActiveCfg = Debug|Any CPU
		{ABA8E9F8-D80B-4C12-8820-F63335C3DD28}.Debug|Any CPU.Build.0 = Debug|Any CPU
		{ABA8E9F8-D80B-4C12-8820-F63335C3DD28}.Release|Any CPU.ActiveCfg = Release|Any CPU
		{ABA8E9F8-D80B-4C12-8820-F63335C3DD28}.Release|Any CPU.Build.0 = Release|Any CPU
		{2D3DADA3-81DE-4558-A974-88ECABE17DD4}.Debug|Any CPU.ActiveCfg = Debug|Any CPU
		{2D3DADA3-81DE-4558-A974-88ECABE17DD4}.Debug|Any CPU.Build.0 = Debug|Any CPU
		{2D3DADA3-81DE-4558-A974-88ECABE17DD4}.Release|Any CPU.ActiveCfg = Release|Any CPU
		{2D3DADA3-81DE-4558-A974-88ECABE17DD4}.Release|Any CPU.Build.0 = Release|Any CPU
	EndGlobalSection
	GlobalSection(SolutionProperties) = preSolution
		HideSolutionNode = FALSE
	EndGlobalSection
	GlobalSection(ExtensibilityGlobals) = postSolution
		SolutionGuid = {EA2B9A68-E115-4BE1-8242-6F48F59E0B2E}
	EndGlobalSection
EndGlobal
